
Microsoft Visual Studio Solution File, Format Version 12.00
# Visual Studio 15
VisualStudioVersion = 15.0.27428.2011
MinimumVisualStudioVersion = 10.0.40219.1
Project("{8BC9CEB8-8B4A-11D0-8D11-00A0C91BC942}") = "Labproject", "Labproject.vcxproj", "{5459C2D4-48B8-4BC7-A6D4-3E75EA90225D}"
EndProject
Global
	GlobalSection(SolutionConfigurationPlatforms) = preSolution
		Debug|x64 = Debug|x64
		Debug|x86 = Debug|x86
		Release|x64 = Release|x64
		Release|x86 = Release|x86
	EndGlobalSection
	GlobalSection(ProjectConfigurationPlatforms) = postSolution
		{5459C2D4-48B8-4BC7-A6D4-3E75EA90225D}.Debug|x64.ActiveCfg = Debug|x64
		{5459C2D4-48B8-4BC7-A6D4-3E75EA90225D}.Debug|x64.Build.0 = Debug|x64
		{5459C2D4-48B8-4BC7-A6D4-3E75EA90225D}.Debug|x86.ActiveCfg = Debug|Win32
		{5459C2D4-48B8-4BC7-A6D4-3E75EA90225D}.Debug|x86.Build.0 = Debug|Win32
		{5459C2D4-48B8-4BC7-A6D4-3E75EA90225D}.Release|x64.ActiveCfg = Release|x64
		{5459C2D4-48B8-4BC7-A6D4-3E75EA90225D}.Release|x64.Build.0 = Release|x64
		{5459C2D4-48B8-4BC7-A6D4-3E75EA90225D}.Release|x86.ActiveCfg = Release|Win32
		{5459C2D4-48B8-4BC7-A6D4-3E75EA90225D}.Release|x86.Build.0 = Release|Win32
	EndGlobalSection
	GlobalSection(SolutionProperties) = preSolution
		HideSolutionNode = FALSE
	EndGlobalSection
	GlobalSection(ExtensibilityGlobals) = postSolution
		SolutionGuid = {1E36AE44-5609-4D85-9E24-73BBBD89F404}
	EndGlobalSection
EndGlobal
